{
  "name": "passport-azure-oauth",
  "version": "0.1.4",
  "lockfileVersion": 1,
  "requires": true,
  "dependencies": {
    "async": {
      "version": "1.5.2",
      "resolved": "http://npm.queport.com/n3/repository/npm-all/async/-/async-1.5.2.tgz",
      "integrity": "sha1-7GphrlZIDAw8skHJVhjiCJL5Zyo="
    },
    "jwt-simple": {
      "version": "0.1.0",
      "resolved": "http://npm.queport.com/n3/repository/npm-all/jwt-simple/-/jwt-simple-0.1.0.tgz",
      "integrity": "sha1-nSBRVolqHj72qjtXHqsFuTWsKzc="
    },
    "oauth": {
      "version": "0.9.15",
      "resolved": "http://npm.queport.com/n3/repository/npm-all/oauth/-/oauth-0.9.15.tgz",
      "integrity": "sha1-vR/vr2hslrdUda7VGWQS/2DPucE="
    },
    "passport": {
      "version": "0.1.18",
      "resolved": "http://npm.queport.com/n3/repository/npm-all/passport/-/passport-0.1.18.tgz",
      "integrity": "sha1-07CMZsN/oDFKT3j2ymL1SNY1j+M=",
      "requires": {
        "pause": "0.0.1",
        "pkginfo": "0.2.x"
      }
    },
    "passport-oauth": {
      "version": "0.1.15",
      "resolved": "http://npm.queport.com/n3/repository/npm-all/passport-oauth/-/passport-oauth-0.1.15.tgz",
      "integrity": "sha1-dd6o7bt6Y1eDv3pjBOg5osjDlGA=",
      "requires": {
        "oauth": "0.9.x",
        "passport": "~0.1.1",
        "pkginfo": "0.2.x"
      }
    },
    "passport-strategy": {
      "version": "1.0.0",
      "resolved": "http://npm.queport.com/n3/repository/npm-all/passport-strategy/-/passport-strategy-1.0.0.tgz",
      "integrity": "sha1-tVOaqPwiWj0a0XlHbd8ja0QPUuQ="
    },
    "pause": {
      "version": "0.0.1",
      "resolved": "http://npm.queport.com/n3/repository/npm-all/pause/-/pause-0.0.1.tgz",
      "integrity": "sha1-CVcXAHsuhttQdEInde629cSGRHU="
    },
    "pkginfo": {
      "version": "0.2.3",
      "resolved": "http://npm.queport.com/n3/repository/npm-all/pkginfo/-/pkginfo-0.2.3.tgz",
      "integrity": "sha1-YG7XzVG0vzg2aWxBZyJnUtBudBw="
    }
  }
}
